{
  "requires": true,
  "lockfileVersion": 1,
  "dependencies": {
    "@types/emscripten": {
      "version": "1.38.0",
      "resolved": "https://registry.npmjs.org/@types/emscripten/-/emscripten-1.38.0.tgz",
      "integrity": "sha512-qfuBbl9hC0ybmW9s8SDORPgg+LdPV+KRpB8AMdTRqxuQZR4G5T7ozIAVUJLO26N7SFSM1zvDVuZ9+qOX7qt/EQ=="
    },
    "@types/node": {
      "version": "12.12.12",
      "resolved": "https://registry.npmjs.org/@types/node/-/node-12.12.12.tgz",
      "integrity": "sha512-MGuvYJrPU0HUwqF7LqvIj50RZUX23Z+m583KBygKYUZLlZ88n6w28XRNJRJgsHukLEnLz6w6SvxZoLgbr5wLqQ=="
    },
    "@types/sql.js": {
      "version": "1.0.2",
      "resolved": "https://registry.npmjs.org/@types/sql.js/-/sql.js-1.0.2.tgz",
      "integrity": "sha512-Dne6JoWSLELmQ/Cd/YVHTe/OyiU1yWVsKl+benqcbvsxUmnqoWA9OurfLlMuDe/rcv3vAOMLcA1Mdq9Pq8Lnpw==",
      "requires": {
        "@types/emscripten": "*",
        "@types/node": "*"
      }
    },
    "sql.js": {
      "version": "1.0.1",
      "resolved": "https://registry.npmjs.org/sql.js/-/sql.js-1.0.1.tgz",
      "integrity": "sha512-vOVmnhXHUBd5hUhMYb4GBglPzz43Apwq6019hwFBCUhEkqVn9day2wYn9d0TYsJQA08+8Zl079A/IIcbUG/GtQ=="
    }
  }
}
